
Microsoft Visual Studio Solution File, Format Version 12.00
# Visual Studio Version 16
VisualStudioVersion = 16.0.29409.12
MinimumVisualStudioVersion = 10.0.40219.1
Project("{FAE04EC0-301F-11D3-BF4B-00C04F79EFBC}") = "FoxxoBot", "FoxxoBot.csproj", "{F31B4412-B8E2-4836-8F99-A090F9BEFD30}"
EndProject
Global
	GlobalSection(SolutionConfigurationPlatforms) = preSolution
		Debug|Any CPU = Debug|Any CPU
		Release|Any CPU = Release|Any CPU
	EndGlobalSection
	GlobalSection(ProjectConfigurationPlatforms) = postSolution
		{F31B4412-B8E2-4836-8F99-A090F9BEFD30}.Debug|Any CPU.ActiveCfg = Debug|Any CPU
		{F31B4412-B8E2-4836-8F99-A090F9BEFD30}.Debug|Any CPU.Build.0 = Debug|Any CPU
		{F31B4412-B8E2-4836-8F99-A090F9BEFD30}.Release|Any CPU.ActiveCfg = Release|Any CPU
		{F31B4412-B8E2-4836-8F99-A090F9BEFD30}.Release|Any CPU.Build.0 = Release|Any CPU
	EndGlobalSection
	GlobalSection(SolutionProperties) = preSolution
		HideSolutionNode = FALSE
	EndGlobalSection
	GlobalSection(ExtensibilityGlobals) = postSolution
		SolutionGuid = {F1E23A41-A1B9-4A6A-90CF-4A92A756E4FB}
	EndGlobalSection
EndGlobal
